
Microsoft Visual Studio Solution File, Format Version 12.00
# Visual Studio Version 16
VisualStudioVersion = 16.0.29509.3
MinimumVisualStudioVersion = 10.0.40219.1
Project("{2150E333-8FDC-42A3-9474-1A3956D46DE8}") = "_infra", "_infra", "{52AB5E57-31F4-419A-9605-2CD26779417B}"
EndProject
Project("{2150E333-8FDC-42A3-9474-1A3956D46DE8}") = "arm", "arm", "{C650EB4B-EF4E-4EC9-BAAA-56597459AFB7}"
	ProjectSection(SolutionItems) = preProject
		_infra\arm\appinsights.json = _infra\arm\appinsights.json
		_infra\arm\appservice-consumption.json = _infra\arm\appservice-consumption.json
		_infra\arm\function-site.json = _infra\arm\function-site.json
		_infra\arm\keyvault.json = _infra\arm\keyvault.json
		_infra\arm\storage.json = _infra\arm\storage.json
	EndProjectSection
EndProject
Project("{2150E333-8FDC-42A3-9474-1A3956D46DE8}") = "pipelines", "pipelines", "{E0DAA140-20D2-4C12-A419-5E51996C4431}"
	ProjectSection(SolutionItems) = preProject
		_infra\pipelines\secrets-demo.yaml = _infra\pipelines\secrets-demo.yaml
	EndProjectSection
EndProject
Project("{2150E333-8FDC-42A3-9474-1A3956D46DE8}") = "src", "src", "{ABF2D6A5-FB8B-41A1-9DB4-04688A43CB87}"
EndProject
Project("{9A19103F-16F7-4668-BE54-9A1E7A4F7556}") = "web-api", "src\web-api\web-api.csproj", "{9DA137C8-5C0F-4A6E-B4FF-C59AD452F8D7}"
EndProject
Project("{2150E333-8FDC-42A3-9474-1A3956D46DE8}") = "templates", "templates", "{ABF89673-C290-481B-8A22-06D2CD017254}"
	ProjectSection(SolutionItems) = preProject
		_infra\pipelines\templates\deploy_steps_insecure.yaml = _infra\pipelines\templates\deploy_steps_insecure.yaml
		_infra\pipelines\templates\deploy_steps_secure.yaml = _infra\pipelines\templates\deploy_steps_secure.yaml
	EndProjectSection
EndProject
Global
	GlobalSection(SolutionConfigurationPlatforms) = preSolution
		Debug|Any CPU = Debug|Any CPU
		Release|Any CPU = Release|Any CPU
	EndGlobalSection
	GlobalSection(ProjectConfigurationPlatforms) = postSolution
		{9DA137C8-5C0F-4A6E-B4FF-C59AD452F8D7}.Debug|Any CPU.ActiveCfg = Debug|Any CPU
		{9DA137C8-5C0F-4A6E-B4FF-C59AD452F8D7}.Debug|Any CPU.Build.0 = Debug|Any CPU
		{9DA137C8-5C0F-4A6E-B4FF-C59AD452F8D7}.Release|Any CPU.ActiveCfg = Release|Any CPU
		{9DA137C8-5C0F-4A6E-B4FF-C59AD452F8D7}.Release|Any CPU.Build.0 = Release|Any CPU
	EndGlobalSection
	GlobalSection(SolutionProperties) = preSolution
		HideSolutionNode = FALSE
	EndGlobalSection
	GlobalSection(NestedProjects) = preSolution
		{C650EB4B-EF4E-4EC9-BAAA-56597459AFB7} = {52AB5E57-31F4-419A-9605-2CD26779417B}
		{E0DAA140-20D2-4C12-A419-5E51996C4431} = {52AB5E57-31F4-419A-9605-2CD26779417B}
		{9DA137C8-5C0F-4A6E-B4FF-C59AD452F8D7} = {ABF2D6A5-FB8B-41A1-9DB4-04688A43CB87}
		{ABF89673-C290-481B-8A22-06D2CD017254} = {E0DAA140-20D2-4C12-A419-5E51996C4431}
	EndGlobalSection
	GlobalSection(ExtensibilityGlobals) = postSolution
		SolutionGuid = {879A7D7D-E2F3-48E4-B6BF-E51F44F631B4}
	EndGlobalSection
EndGlobal
